
Microsoft Visual Studio Solution File, Format Version 12.00
# Visual Studio Version 16
VisualStudioVersion = 16.0.29721.120
MinimumVisualStudioVersion = 10.0.40219.1
Project("{FAE04EC0-301F-11D3-BF4B-00C04F79EFBC}") = "Duranda", "Duranda.csproj", "{4DD3B203-4425-4243-BF78-B8F29D5B67D3}"
EndProject
Global
	GlobalSection(SolutionConfigurationPlatforms) = preSolution
		Debug|Any CPU = Debug|Any CPU
		Release|Any CPU = Release|Any CPU
	EndGlobalSection
	GlobalSection(ProjectConfigurationPlatforms) = postSolution
		{4DD3B203-4425-4243-BF78-B8F29D5B67D3}.Debug|Any CPU.ActiveCfg = Debug|Any CPU
		{4DD3B203-4425-4243-BF78-B8F29D5B67D3}.Debug|Any CPU.Build.0 = Debug|Any CPU
		{4DD3B203-4425-4243-BF78-B8F29D5B67D3}.Release|Any CPU.ActiveCfg = Release|Any CPU
		{4DD3B203-4425-4243-BF78-B8F29D5B67D3}.Release|Any CPU.Build.0 = Release|Any CPU
	EndGlobalSection
	GlobalSection(SolutionProperties) = preSolution
		HideSolutionNode = FALSE
	EndGlobalSection
	GlobalSection(ExtensibilityGlobals) = postSolution
		SolutionGuid = {044785F4-9F50-4FD6-8089-1E21880643AD}
	EndGlobalSection
EndGlobal
